
Microsoft Visual Studio Solution File, Format Version 12.00
# Visual Studio 15
VisualStudioVersion = 15.0.26730.12
MinimumVisualStudioVersion = 10.0.40219.1
Project("{9A19103F-16F7-4668-BE54-9A1E7A4F7556}") = "Flashcard.AppServices.APIs", "FlashcardAPIs\Flashcard.AppServices.APIs.csproj", "{29B80685-816D-47A2-9003-F49AA2990FAE}"
EndProject
Project("{2150E333-8FDC-42A3-9474-1A3956D46DE8}") = "1. AppServices", "1. AppServices", "{3B41C4E2-E8C1-4AFF-BC60-CEF6CAF5B97F}"
EndProject
Project("{2150E333-8FDC-42A3-9474-1A3956D46DE8}") = "3. Infrastructure", "3. Infrastructure", "{D94F140B-3598-4811-A3A7-E23EB8536A64}"
EndProject
Project("{9A19103F-16F7-4668-BE54-9A1E7A4F7556}") = "Flashcard.Infrastructure.MongoDb", "Flashcard.Infrastructure.MongoDb\Flashcard.Infrastructure.MongoDb.csproj", "{FCC1BAAB-D922-4FF2-8F1E-0BBAD9C74F7F}"
EndProject
Project("{2150E333-8FDC-42A3-9474-1A3956D46DE8}") = "2. BussinessLogic", "2. BussinessLogic", "{29DF009F-C9DC-463B-9709-268ABD705B7F}"
EndProject
Project("{2150E333-8FDC-42A3-9474-1A3956D46DE8}") = "4. Domains", "4. Domains", "{F76517E7-531C-4649-9F0C-C08B7CD8CEDE}"
EndProject
Project("{9A19103F-16F7-4668-BE54-9A1E7A4F7556}") = "FlashCard.Domains", "FlashCard.Domains\FlashCard.Domains.csproj", "{7A00EB48-8907-4268-B599-3E3A5AFCA4D6}"
EndProject
Project("{2150E333-8FDC-42A3-9474-1A3956D46DE8}") = "5. Common", "5. Common", "{C682A4DC-3745-4B9D-B3EE-5CDFA31916D6}"
EndProject
Project("{9A19103F-16F7-4668-BE54-9A1E7A4F7556}") = "FlashCard.BusinessLogic", "FlashCard.BusinessLogic\FlashCard.BusinessLogic.csproj", "{DFA1FF39-727E-41AD-A2FF-FB3358075299}"
EndProject
Project("{FAE04EC0-301F-11D3-BF4B-00C04F79EFBC}") = "Flashcard.Infrastructure.Identity.MongoDb", "Flashcard.Infrastructure.Identity.MongoDb\Flashcard.Infrastructure.Identity.MongoDb.csproj", "{2468BE20-4AB6-4AE2-806F-5F861D5B0283}"
EndProject
Global
	GlobalSection(SolutionConfigurationPlatforms) = preSolution
		Debug|Any CPU = Debug|Any CPU
		Release|Any CPU = Release|Any CPU
	EndGlobalSection
	GlobalSection(ProjectConfigurationPlatforms) = postSolution
		{29B80685-816D-47A2-9003-F49AA2990FAE}.Debug|Any CPU.ActiveCfg = Debug|Any CPU
		{29B80685-816D-47A2-9003-F49AA2990FAE}.Debug|Any CPU.Build.0 = Debug|Any CPU
		{29B80685-816D-47A2-9003-F49AA2990FAE}.Release|Any CPU.ActiveCfg = Release|Any CPU
		{29B80685-816D-47A2-9003-F49AA2990FAE}.Release|Any CPU.Build.0 = Release|Any CPU
		{FCC1BAAB-D922-4FF2-8F1E-0BBAD9C74F7F}.Debug|Any CPU.ActiveCfg = Debug|Any CPU
		{FCC1BAAB-D922-4FF2-8F1E-0BBAD9C74F7F}.Debug|Any CPU.Build.0 = Debug|Any CPU
		{FCC1BAAB-D922-4FF2-8F1E-0BBAD9C74F7F}.Release|Any CPU.ActiveCfg = Release|Any CPU
		{FCC1BAAB-D922-4FF2-8F1E-0BBAD9C74F7F}.Release|Any CPU.Build.0 = Release|Any CPU
		{7A00EB48-8907-4268-B599-3E3A5AFCA4D6}.Debug|Any CPU.ActiveCfg = Debug|Any CPU
		{7A00EB48-8907-4268-B599-3E3A5AFCA4D6}.Debug|Any CPU.Build.0 = Debug|Any CPU
		{7A00EB48-8907-4268-B599-3E3A5AFCA4D6}.Release|Any CPU.ActiveCfg = Release|Any CPU
		{7A00EB48-8907-4268-B599-3E3A5AFCA4D6}.Release|Any CPU.Build.0 = Release|Any CPU
		{DFA1FF39-727E-41AD-A2FF-FB3358075299}.Debug|Any CPU.ActiveCfg = Debug|Any CPU
		{DFA1FF39-727E-41AD-A2FF-FB3358075299}.Debug|Any CPU.Build.0 = Debug|Any CPU
		{DFA1FF39-727E-41AD-A2FF-FB3358075299}.Release|Any CPU.ActiveCfg = Release|Any CPU
		{DFA1FF39-727E-41AD-A2FF-FB3358075299}.Release|Any CPU.Build.0 = Release|Any CPU
		{2468BE20-4AB6-4AE2-806F-5F861D5B0283}.Debug|Any CPU.ActiveCfg = Debug|Any CPU
		{2468BE20-4AB6-4AE2-806F-5F861D5B0283}.Debug|Any CPU.Build.0 = Debug|Any CPU
		{2468BE20-4AB6-4AE2-806F-5F861D5B0283}.Release|Any CPU.ActiveCfg = Release|Any CPU
		{2468BE20-4AB6-4AE2-806F-5F861D5B0283}.Release|Any CPU.Build.0 = Release|Any CPU
	EndGlobalSection
	GlobalSection(SolutionProperties) = preSolution
		HideSolutionNode = FALSE
	EndGlobalSection
	GlobalSection(NestedProjects) = preSolution
		{29B80685-816D-47A2-9003-F49AA2990FAE} = {3B41C4E2-E8C1-4AFF-BC60-CEF6CAF5B97F}
		{FCC1BAAB-D922-4FF2-8F1E-0BBAD9C74F7F} = {D94F140B-3598-4811-A3A7-E23EB8536A64}
		{7A00EB48-8907-4268-B599-3E3A5AFCA4D6} = {F76517E7-531C-4649-9F0C-C08B7CD8CEDE}
		{DFA1FF39-727E-41AD-A2FF-FB3358075299} = {29DF009F-C9DC-463B-9709-268ABD705B7F}
		{2468BE20-4AB6-4AE2-806F-5F861D5B0283} = {D94F140B-3598-4811-A3A7-E23EB8536A64}
	EndGlobalSection
	GlobalSection(ExtensibilityGlobals) = postSolution
		SolutionGuid = {57C14C94-D4F7-4AC8-B9CA-F0E6759138D1}
	EndGlobalSection
EndGlobal
